
Microsoft Visual Studio Solution File, Format Version 12.00
# Visual Studio Version 17
VisualStudioVersion = 17.5.002.0
MinimumVisualStudioVersion = 10.0.40219.1
Project("{9A19103F-16F7-4668-BE54-9A1E7A4F7556}") = "softub", "softub.csproj", "{211E1750-E326-4F8C-8803-748FADA49557}"
EndProject
Project("{9A19103F-16F7-4668-BE54-9A1E7A4F7556}") = "softubWeb", "..\softubWeb\softubWeb.csproj", "{E792A90E-E451-41D3-AA36-A952FDD17954}"
EndProject
Global
	GlobalSection(SolutionConfigurationPlatforms) = preSolution
		Debug|Any CPU = Debug|Any CPU
		Release|Any CPU = Release|Any CPU
	EndGlobalSection
	GlobalSection(ProjectConfigurationPlatforms) = postSolution
		{211E1750-E326-4F8C-8803-748FADA49557}.Debug|Any CPU.ActiveCfg = Debug|Any CPU
		{211E1750-E326-4F8C-8803-748FADA49557}.Debug|Any CPU.Build.0 = Debug|Any CPU
		{211E1750-E326-4F8C-8803-748FADA49557}.Release|Any CPU.ActiveCfg = Release|Any CPU
		{211E1750-E326-4F8C-8803-748FADA49557}.Release|Any CPU.Build.0 = Release|Any CPU
		{E792A90E-E451-41D3-AA36-A952FDD17954}.Debug|Any CPU.ActiveCfg = Debug|Any CPU
		{E792A90E-E451-41D3-AA36-A952FDD17954}.Debug|Any CPU.Build.0 = Debug|Any CPU
		{E792A90E-E451-41D3-AA36-A952FDD17954}.Release|Any CPU.ActiveCfg = Release|Any CPU
		{E792A90E-E451-41D3-AA36-A952FDD17954}.Release|Any CPU.Build.0 = Release|Any CPU
	EndGlobalSection
	GlobalSection(SolutionProperties) = preSolution
		HideSolutionNode = FALSE
	EndGlobalSection
	GlobalSection(ExtensibilityGlobals) = postSolution
		SolutionGuid = {C08A4680-2962-4FCF-A3E6-0B53CF239DDE}
	EndGlobalSection
EndGlobal
